{
  "originHash" : "8b895c4d84dd91103a916a061d9ba39355e4919e5f609e560fc5a79cd13bf93d",
  "pins" : [
    {
      "identity" : "alamofire",
      "kind" : "remoteSourceControl",
      "location" : "https://github.com/Alamofire/Alamofire.git",
      "state" : {
        "revision" : "bda9ed57d72988a3a2ada33d824583541f86eac6",
        "version" : "5.12.2"
      }
    },
    {
      "identity" : "fluidaudio",
      "kind" : "remoteSourceControl",
      "location" : "https://github.com/FluidInference/FluidAudio.git",
      "state" : {
        "revision" : "87a39dfe4068fef0f1c69bfe704b2b3ef4fbc5bc",
        "version" : "0.15.8"
      }
    }
  ],
  "version" : 3
}
